
Microsoft Visual Studio Solution File, Format Version 12.00
# Visual Studio 15
VisualStudioVersion = 15.0.28010.0
MinimumVisualStudioVersion = 10.0.40219.1
Project("{FAE04EC0-301F-11D3-BF4B-00C04F79EFBC}") = "ParameterizedSP", "ParameterizedSP\ParameterizedSP.csproj", "{97BB1E38-D7EC-41DB-B2E1-C8BDCD14F694}"
EndProject
Global
	GlobalSection(SolutionConfigurationPlatforms) = preSolution
		Debug|Any CPU = Debug|Any CPU
		Release|Any CPU = Release|Any CPU
	EndGlobalSection
	GlobalSection(ProjectConfigurationPlatforms) = postSolution
		{97BB1E38-D7EC-41DB-B2E1-C8BDCD14F694}.Debug|Any CPU.ActiveCfg = Debug|Any CPU
		{97BB1E38-D7EC-41DB-B2E1-C8BDCD14F694}.Debug|Any CPU.Build.0 = Debug|Any CPU
		{97BB1E38-D7EC-41DB-B2E1-C8BDCD14F694}.Release|Any CPU.ActiveCfg = Release|Any CPU
		{97BB1E38-D7EC-41DB-B2E1-C8BDCD14F694}.Release|Any CPU.Build.0 = Release|Any CPU
	EndGlobalSection
	GlobalSection(SolutionProperties) = preSolution
		HideSolutionNode = FALSE
	EndGlobalSection
	GlobalSection(ExtensibilityGlobals) = postSolution
		SolutionGuid = {00623A19-100E-4CE8-BC33-E4CD1396DCD1}
	EndGlobalSection
EndGlobal
